
Microsoft Visual Studio Solution File, Format Version 12.00
# Visual Studio Version 17
VisualStudioVersion = 17.9.34701.34
MinimumVisualStudioVersion = 10.0.40219.1
Project("{FAE04EC0-301F-11D3-BF4B-00C04F79EFBC}") = "Lista de Exercicios", "Lista de Exercicios\Lista de Exercicios.csproj", "{DDECB3F4-1934-4DA4-8499-9F9307CDF129}"
EndProject
Global
	GlobalSection(SolutionConfigurationPlatforms) = preSolution
		Debug|Any CPU = Debug|Any CPU
		Release|Any CPU = Release|Any CPU
	EndGlobalSection
	GlobalSection(ProjectConfigurationPlatforms) = postSolution
		{DDECB3F4-1934-4DA4-8499-9F9307CDF129}.Debug|Any CPU.ActiveCfg = Debug|Any CPU
		{DDECB3F4-1934-4DA4-8499-9F9307CDF129}.Debug|Any CPU.Build.0 = Debug|Any CPU
		{DDECB3F4-1934-4DA4-8499-9F9307CDF129}.Release|Any CPU.ActiveCfg = Release|Any CPU
		{DDECB3F4-1934-4DA4-8499-9F9307CDF129}.Release|Any CPU.Build.0 = Release|Any CPU
	EndGlobalSection
	GlobalSection(SolutionProperties) = preSolution
		HideSolutionNode = FALSE
	EndGlobalSection
	GlobalSection(ExtensibilityGlobals) = postSolution
		SolutionGuid = {F7B66255-51E7-4E7A-A6DC-4443A10CC92F}
	EndGlobalSection
EndGlobal
